<?xml version="1.0" encoding="utf-8"?>
<Project ToolsVersion="4.0" xmlns="http://schemas.microsoft.com/developer/msbuild/2003">
  <ItemGroup>
    <Filter Include="Unbaked">
      <UniqueIdentifier>{5FA5919A-CB84-1036-D49C-9B0C40FB7697}</UniqueIdentifier>
    </Filter>
    <Filter Include="Unbaked\Events">
      <UniqueIdentifier>{63B089D3-4F7E-7DD9-3812-EEFF247F593E}</UniqueIdentifier>
    </Filter>
  </ItemGroup>
  <ItemGroup>
    <ClInclude Include="src\Unbaked.h" />
    <ClInclude Include="src\Unbaked\Application.h">
      <Filter>Unbaked</Filter>
    </ClInclude>
    <ClInclude Include="src\Unbaked\Core.h">
      <Filter>Unbaked</Filter>
    </ClInclude>
    <ClInclude Include="src\Unbaked\EntryPoint.h">
      <Filter>Unbaked</Filter>
    </ClInclude>
    <ClInclude Include="src\Unbaked\Events\ApplicationEvent.h">
      <Filter>Unbaked\Events</Filter>
    </ClInclude>
    <ClInclude Include="src\Unbaked\Events\Event.h">
      <Filter>Unbaked\Events</Filter>
    </ClInclude>
    <ClInclude Include="src\Unbaked\Events\KeyEvent.h">
      <Filter>Unbaked\Events</Filter>
    </ClInclude>
    <ClInclude Include="src\Unbaked\Events\MouseEvent.h">
      <Filter>Unbaked\Events</Filter>
    </ClInclude>
    <ClInclude Include="src\Unbaked\Log.h">
      <Filter>Unbaked</Filter>
    </ClInclude>
  </ItemGroup>
  <ItemGroup>
    <ClCompile Include="src\Unbaked\Application.cpp">
      <Filter>Unbaked</Filter>
    </ClCompile>
    <ClCompile Include="src\Unbaked\Log.cpp">
      <Filter>Unbaked</Filter>
    </ClCompile>
  </ItemGroup>
</Project>